// !$*UTF8*$!
{
	archiveVersion = 1;
	classes = {
	};
	objectVersion = 46;
	objects = {

/* Begin PBXBuildFile section */
		474A36C4FB2C0C9897830EC8 /* Pods_SwiftMusic.framework in Frameworks */ = {isa = PBXBuildFile; fileRef = C884658BD1B6300AD30AA11B /* Pods_SwiftMusic.framework */; settings = {ATTRIBUTES = (Weak, ); }; };
		89A689BA1E306CF30043B9F6 /* Track.swift in Sources */ = {isa = PBXBuildFile; fileRef = 89A689B91E306CF30043B9F6 /* Track.swift */; };
		89A689BC1E306EC70043B9F6 /* TrackModel.swift in Sources */ = {isa = PBXBuildFile; fileRef = 89A689BB1E306EC70043B9F6 /* TrackModel.swift */; };
		89A689BF1E307D8B0043B9F6 /* TrackListController.swift in Sources */ = {isa = PBXBuildFile; fileRef = 89A689BE1E307D8B0043B9F6 /* TrackListController.swift */; };
		89A689CA1E3109070043B9F6 /* TrackTool.swift in Sources */ = {isa = PBXBuildFile; fileRef = 89A689C91E3109070043B9F6 /* TrackTool.swift */; };
		89A689CE1E3118FA0043B9F6 /* TrackMessage.swift in Sources */ = {isa = PBXBuildFile; fileRef = 89A689CD1E3118FA0043B9F6 /* TrackMessage.swift */; };
		89BF31EE1E37A75A00653385 /* Pods_SwiftMusic.framework in Frameworks */ = {isa = PBXBuildFile; fileRef = C884658BD1B6300AD30AA11B /* Pods_SwiftMusic.framework */; settings = {ATTRIBUTES = (Weak, ); }; };
		89BF31EF1E37A75A00653385 /* Pods_SwiftMusic.framework in Embed Frameworks */ = {isa = PBXBuildFile; fileRef = C884658BD1B6300AD30AA11B /* Pods_SwiftMusic.framework */; settings = {ATTRIBUTES = (CodeSignOnCopy, RemoveHeadersOnCopy, ); }; };
		89C672521E2FC61D0064F1ED /* TracksListCell.swift in Sources */ = {isa = PBXBuildFile; fileRef = 89C672511E2FC61D0064F1ED /* TracksListCell.swift */; };
		89CE0A151E2E271E00659DE9 /* AppDelegate.swift in Sources */ = {isa = PBXBuildFile; fileRef = 89CE0A141E2E271E00659DE9 /* AppDelegate.swift */; };
		89CE0A171E2E271E00659DE9 /* ViewController.swift in Sources */ = {isa = PBXBuildFile; fileRef = 89CE0A161E2E271E00659DE9 /* ViewController.swift */; };
		89CE0A1A1E2E271E00659DE9 /* Main.storyboard in Resources */ = {isa = PBXBuildFile; fileRef = 89CE0A181E2E271E00659DE9 /* Main.storyboard */; };
		89CE0A1C1E2E271E00659DE9 /* Assets.xcassets in Resources */ = {isa = PBXBuildFile; fileRef = 89CE0A1B1E2E271E00659DE9 /* Assets.xcassets */; };
		89CE0A1F1E2E271E00659DE9 /* LaunchScreen.storyboard in Resources */ = {isa = PBXBuildFile; fileRef = 89CE0A1D1E2E271E00659DE9 /* LaunchScreen.storyboard */; };
		89CE0A2A1E2E271E00659DE9 /* SwiftMusicTests.swift in Sources */ = {isa = PBXBuildFile; fileRef = 89CE0A291E2E271E00659DE9 /* SwiftMusicTests.swift */; };
		89CE0A351E2E271E00659DE9 /* SwiftMusicUITests.swift in Sources */ = {isa = PBXBuildFile; fileRef = 89CE0A341E2E271E00659DE9 /* SwiftMusicUITests.swift */; };
		89D568741E35C03A00F3C4AD /* TimeFormat.swift in Sources */ = {isa = PBXBuildFile; fileRef = 89D568731E35C03A00F3C4AD /* TimeFormat.swift */; };
		89D568761E3632E200F3C4AD /* Shape Of You.mp3 in Resources */ = {isa = PBXBuildFile; fileRef = 89D568751E3632E200F3C4AD /* Shape Of You.mp3 */; };
		89D5687A1E363D5700F3C4AD /* Dont Wanna Know.mp3 in Resources */ = {isa = PBXBuildFile; fileRef = 89D568791E363D5700F3C4AD /* Dont Wanna Know.mp3 */; };
		89D5687C1E363E0700F3C4AD /* The Chainsmokers - Dont Let Me Down ft. Daya.mp3 in Resources */ = {isa = PBXBuildFile; fileRef = 89D5687B1E363E0700F3C4AD /* The Chainsmokers - Dont Let Me Down ft. Daya.mp3 */; };
		89D5687E1E363E8600F3C4AD /* Ariana Grande - Side To Side ft. Nicki Minaj.mp3 in Resources */ = {isa = PBXBuildFile; fileRef = 89D5687D1E363E8600F3C4AD /* Ariana Grande - Side To Side ft. Nicki Minaj.mp3 */; };
		89D568801E36425300F3C4AD /* DJ Snake ft. Justin Bieber - Let Me Love You.mp3 in Resources */ = {isa = PBXBuildFile; fileRef = 89D5687F1E36425300F3C4AD /* DJ Snake ft. Justin Bieber - Let Me Love You.mp3 */; };
		89DAC14A1E33A55700D24A3D /* MarqueeLabel.swift in Sources */ = {isa = PBXBuildFile; fileRef = 89DAC1491E33A55700D24A3D /* MarqueeLabel.swift */; };
		89DAC14C1E33AD7600D24A3D /* PopUpController.swift in Sources */ = {isa = PBXBuildFile; fileRef = 89DAC14B1E33AD7600D24A3D /* PopUpController.swift */; };
/* End PBXBuildFile section */

/* Begin PBXContainerItemProxy section */
		89CE0A261E2E271E00659DE9 /* PBXContainerItemProxy */ = {
			isa = PBXContainerItemProxy;
			containerPortal = 89CE0A091E2E271E00659DE9 /* Project object */;
			proxyType = 1;
			remoteGlobalIDString = 89CE0A101E2E271E00659DE9;
			remoteInfo = SwiftMusic;
		};
		89CE0A311E2E271E00659DE9 /* PBXContainerItemProxy */ = {
			isa = PBXContainerItemProxy;
			containerPortal = 89CE0A091E2E271E00659DE9 /* Project object */;
			proxyType = 1;
			remoteGlobalIDString = 89CE0A101E2E271E00659DE9;
			remoteInfo = SwiftMusic;
		};
/* End PBXContainerItemProxy section */

/* Begin PBXCopyFilesBuildPhase section */
		89BF31F01E37A75A00653385 /* Embed Frameworks */ = {
			isa = PBXCopyFilesBuildPhase;
			buildActionMask = 2147483647;
			dstPath = "";
			dstSubfolderSpec = 10;
			files = (
				89BF31EF1E37A75A00653385 /* Pods_SwiftMusic.framework in Embed Frameworks */,
			);
			name = "Embed Frameworks";
			runOnlyForDeploymentPostprocessing = 0;
		};
/* End PBXCopyFilesBuildPhase section */

/* Begin PBXFileReference section */
		09736CC14B59BFD683687A74 /* Pods-SwiftMusic.release.xcconfig */ = {isa = PBXFileReference; includeInIndex = 1; lastKnownFileType = text.xcconfig; name = "Pods-SwiftMusic.release.xcconfig"; path = "Pods/Target Support Files/Pods-SwiftMusic/Pods-SwiftMusic.release.xcconfig"; sourceTree = "<group>"; };
		893059EE1E376820004CA5AE /* SwiftMusic.entitlements */ = {isa = PBXFileReference; lastKnownFileType = text.plist.entitlements; path = SwiftMusic.entitlements; sourceTree = "<group>"; };
		89A689B91E306CF30043B9F6 /* Track.swift */ = {isa = PBXFileReference; fileEncoding = 4; lastKnownFileType = sourcecode.swift; path = Track.swift; sourceTree = "<group>"; };
		89A689BB1E306EC70043B9F6 /* TrackModel.swift */ = {isa = PBXFileReference; fileEncoding = 4; lastKnownFileType = sourcecode.swift; path = TrackModel.swift; sourceTree = "<group>"; };
		89A689BE1E307D8B0043B9F6 /* TrackListController.swift */ = {isa = PBXFileReference; fileEncoding = 4; lastKnownFileType = sourcecode.swift; path = TrackListController.swift; sourceTree = "<group>"; };
		89A689C91E3109070043B9F6 /* TrackTool.swift */ = {isa = PBXFileReference; fileEncoding = 4; lastKnownFileType = sourcecode.swift; path = TrackTool.swift; sourceTree = "<group>"; };
		89A689CD1E3118FA0043B9F6 /* TrackMessage.swift */ = {isa = PBXFileReference; fileEncoding = 4; lastKnownFileType = sourcecode.swift; path = TrackMessage.swift; sourceTree = "<group>"; };
		89AA232A1E377129000DF150 /* MarqueeLabel.framework */ = {isa = PBXFileReference; lastKnownFileType = wrapper.framework; name = MarqueeLabel.framework; path = "../../../Library/Developer/Xcode/DerivedData/SwiftMusic-deepnaosafpcprclurgonwrnnxqu/Build/Products/Debug-iphoneos/MarqueeLabel/MarqueeLabel.framework"; sourceTree = "<group>"; };
		89C672511E2FC61D0064F1ED /* TracksListCell.swift */ = {isa = PBXFileReference; fileEncoding = 4; lastKnownFileType = sourcecode.swift; path = TracksListCell.swift; sourceTree = "<group>"; };
		89CE0A111E2E271E00659DE9 /* SwiftMusic.app */ = {isa = PBXFileReference; explicitFileType = wrapper.application; includeInIndex = 0; path = SwiftMusic.app; sourceTree = BUILT_PRODUCTS_DIR; };
		89CE0A141E2E271E00659DE9 /* AppDelegate.swift */ = {isa = PBXFileReference; lastKnownFileType = sourcecode.swift; path = AppDelegate.swift; sourceTree = "<group>"; };
		89CE0A161E2E271E00659DE9 /* ViewController.swift */ = {isa = PBXFileReference; lastKnownFileType = sourcecode.swift; path = ViewController.swift; sourceTree = "<group>"; };
		89CE0A191E2E271E00659DE9 /* Base */ = {isa = PBXFileReference; lastKnownFileType = file.storyboard; name = Base; path = Base.lproj/Main.storyboard; sourceTree = "<group>"; };
		89CE0A1B1E2E271E00659DE9 /* Assets.xcassets */ = {isa = PBXFileReference; lastKnownFileType = folder.assetcatalog; path = Assets.xcassets; sourceTree = "<group>"; };
		89CE0A1E1E2E271E00659DE9 /* Base */ = {isa = PBXFileReference; lastKnownFileType = file.storyboard; name = Base; path = Base.lproj/LaunchScreen.storyboard; sourceTree = "<group>"; };
		89CE0A201E2E271E00659DE9 /* Info.plist */ = {isa = PBXFileReference; lastKnownFileType = text.plist.xml; path = Info.plist; sourceTree = "<group>"; };
		89CE0A251E2E271E00659DE9 /* SwiftMusicTests.xctest */ = {isa = PBXFileReference; explicitFileType = wrapper.cfbundle; includeInIndex = 0; path = SwiftMusicTests.xctest; sourceTree = BUILT_PRODUCTS_DIR; };
		89CE0A291E2E271E00659DE9 /* SwiftMusicTests.swift */ = {isa = PBXFileReference; lastKnownFileType = sourcecode.swift; path = SwiftMusicTests.swift; sourceTree = "<group>"; };
		89CE0A2B1E2E271E00659DE9 /* Info.plist */ = {isa = PBXFileReference; lastKnownFileType = text.plist.xml; path = Info.plist; sourceTree = "<group>"; };
		89CE0A301E2E271E00659DE9 /* SwiftMusicUITests.xctest */ = {isa = PBXFileReference; explicitFileType = wrapper.cfbundle; includeInIndex = 0; path = SwiftMusicUITests.xctest; sourceTree = BUILT_PRODUCTS_DIR; };
		89CE0A341E2E271E00659DE9 /* SwiftMusicUITests.swift */ = {isa = PBXFileReference; lastKnownFileType = sourcecode.swift; path = SwiftMusicUITests.swift; sourceTree = "<group>"; };
		89CE0A361E2E271E00659DE9 /* Info.plist */ = {isa = PBXFileReference; lastKnownFileType = text.plist.xml; path = Info.plist; sourceTree = "<group>"; };
		89D568731E35C03A00F3C4AD /* TimeFormat.swift */ = {isa = PBXFileReference; fileEncoding = 4; lastKnownFileType = sourcecode.swift; path = TimeFormat.swift; sourceTree = "<group>"; };
		89D568751E3632E200F3C4AD /* Shape Of You.mp3 */ = {isa = PBXFileReference; lastKnownFileType = audio.mp3; path = "Shape Of You.mp3"; sourceTree = "<group>"; };
		89D568791E363D5700F3C4AD /* Dont Wanna Know.mp3 */ = {isa = PBXFileReference; lastKnownFileType = audio.mp3; path = "Dont Wanna Know.mp3"; sourceTree = "<group>"; };
		89D5687B1E363E0700F3C4AD /* The Chainsmokers - Dont Let Me Down ft. Daya.mp3 */ = {isa = PBXFileReference; lastKnownFileType = audio.mp3; path = "The Chainsmokers - Dont Let Me Down ft. Daya.mp3"; sourceTree = "<group>"; };
		89D5687D1E363E8600F3C4AD /* Ariana Grande - Side To Side ft. Nicki Minaj.mp3 */ = {isa = PBXFileReference; lastKnownFileType = audio.mp3; path = "Ariana Grande - Side To Side ft. Nicki Minaj.mp3"; sourceTree = "<group>"; };
		89D5687F1E36425300F3C4AD /* DJ Snake ft. Justin Bieber - Let Me Love You.mp3 */ = {isa = PBXFileReference; lastKnownFileType = audio.mp3; path = "DJ Snake ft. Justin Bieber - Let Me Love You.mp3"; sourceTree = "<group>"; };
		89DAC1491E33A55700D24A3D /* MarqueeLabel.swift */ = {isa = PBXFileReference; fileEncoding = 4; lastKnownFileType = sourcecode.swift; path = MarqueeLabel.swift; sourceTree = "<group>"; };
		89DAC14B1E33AD7600D24A3D /* PopUpController.swift */ = {isa = PBXFileReference; fileEncoding = 4; lastKnownFileType = sourcecode.swift; path = PopUpController.swift; sourceTree = "<group>"; };
		8B2CDA0B02B4521331E4109A /* Pods-SwiftMusic.debug.xcconfig */ = {isa = PBXFileReference; includeInIndex = 1; lastKnownFileType = text.xcconfig; name = "Pods-SwiftMusic.debug.xcconfig"; path = "Pods/Target Support Files/Pods-SwiftMusic/Pods-SwiftMusic.debug.xcconfig"; sourceTree = "<group>"; };
		C884658BD1B6300AD30AA11B /* Pods_SwiftMusic.framework */ = {isa = PBXFileReference; explicitFileType = wrapper.framework; includeInIndex = 0; path = Pods_SwiftMusic.framework; sourceTree = BUILT_PRODUCTS_DIR; };
/* End PBXFileReference section */

/* Begin PBXFrameworksBuildPhase section */
		89CE0A0E1E2E271E00659DE9 /* Frameworks */ = {
			isa = PBXFrameworksBuildPhase;
			buildActionMask = 2147483647;
			files = (
				89BF31EE1E37A75A00653385 /* Pods_SwiftMusic.framework in Frameworks */,
				474A36C4FB2C0C9897830EC8 /* Pods_SwiftMusic.framework in Frameworks */,
			);
			runOnlyForDeploymentPostprocessing = 0;
		};
		89CE0A221E2E271E00659DE9 /* Frameworks */ = {
			isa = PBXFrameworksBuildPhase;
			buildActionMask = 2147483647;
			files = (
			);
			runOnlyForDeploymentPostprocessing = 0;
		};
		89CE0A2D1E2E271E00659DE9 /* Frameworks */ = {
			isa = PBXFrameworksBuildPhase;
			buildActionMask = 2147483647;
			files = (
			);
			runOnlyForDeploymentPostprocessing = 0;
		};
/* End PBXFrameworksBuildPhase section */

/* Begin PBXGroup section */
		4EE1C594BF68D531FA9B0AE5 /* Pods */ = {
			isa = PBXGroup;
			children = (
				8B2CDA0B02B4521331E4109A /* Pods-SwiftMusic.debug.xcconfig */,
				09736CC14B59BFD683687A74 /* Pods-SwiftMusic.release.xcconfig */,
			);
			name = Pods;
			sourceTree = "<group>";
		};
		7D8C3242DA2CFD92F8357CDD /* Frameworks */ = {
			isa = PBXGroup;
			children = (
				89AA232A1E377129000DF150 /* MarqueeLabel.framework */,
				C884658BD1B6300AD30AA11B /* Pods_SwiftMusic.framework */,
			);
			name = Frameworks;
			sourceTree = "<group>";
		};
		89A689B81E306CD70043B9F6 /* Model */ = {
			isa = PBXGroup;
			children = (
				89A689B91E306CF30043B9F6 /* Track.swift */,
				89A689CD1E3118FA0043B9F6 /* TrackMessage.swift */,
				89A689BB1E306EC70043B9F6 /* TrackModel.swift */,
			);
			path = Model;
			sourceTree = "<group>";
		};
		89A689BD1E307D690043B9F6 /* Controller */ = {
			isa = PBXGroup;
			children = (
				89DAC14B1E33AD7600D24A3D /* PopUpController.swift */,
				89A689BE1E307D8B0043B9F6 /* TrackListController.swift */,
			);
			path = Controller;
			sourceTree = "<group>";
		};
		89A689C81E3108EE0043B9F6 /* Tools */ = {
			isa = PBXGroup;
			children = (
				89D568731E35C03A00F3C4AD /* TimeFormat.swift */,
				89A689C91E3109070043B9F6 /* TrackTool.swift */,
			);
			path = Tools;
			sourceTree = "<group>";
		};
		89B099181E2E69F100EC8F7F /* Tracks */ = {
			isa = PBXGroup;
			children = (
				89D5687D1E363E8600F3C4AD /* Ariana Grande - Side To Side ft. Nicki Minaj.mp3 */,
				89D5687F1E36425300F3C4AD /* DJ Snake ft. Justin Bieber - Let Me Love You.mp3 */,
				89D568791E363D5700F3C4AD /* Dont Wanna Know.mp3 */,
				89D568751E3632E200F3C4AD /* Shape Of You.mp3 */,
				89D5687B1E363E0700F3C4AD /* The Chainsmokers - Dont Let Me Down ft. Daya.mp3 */,
			);
			path = Tracks;
			sourceTree = "<group>";
		};
		89CE0A081E2E271E00659DE9 = {
			isa = PBXGroup;
			children = (
				89CE0A131E2E271E00659DE9 /* SwiftMusic */,
				7D8C3242DA2CFD92F8357CDD /* Frameworks */,
				4EE1C594BF68D531FA9B0AE5 /* Pods */,
				89CE0A121E2E271E00659DE9 /* Products */,
				89CE0A281E2E271E00659DE9 /* SwiftMusicTests */,
				89CE0A331E2E271E00659DE9 /* SwiftMusicUITests */,
			);
			sourceTree = "<group>";
		};
		89CE0A121E2E271E00659DE9 /* Products */ = {
			isa = PBXGroup;
			children = (
				89CE0A111E2E271E00659DE9 /* SwiftMusic.app */,
				89CE0A251E2E271E00659DE9 /* SwiftMusicTests.xctest */,
				89CE0A301E2E271E00659DE9 /* SwiftMusicUITests.xctest */,
			);
			name = Products;
			sourceTree = "<group>";
		};
		89CE0A131E2E271E00659DE9 /* SwiftMusic */ = {
			isa = PBXGroup;
			children = (
				89CE0A421E2E5F4D00659DE9 /* Cell */,
				89A689BD1E307D690043B9F6 /* Controller */,
				89DAC1481E33A53700D24A3D /* Libraries */,
				89A689B81E306CD70043B9F6 /* Model */,
				89A689C81E3108EE0043B9F6 /* Tools */,
				89B099181E2E69F100EC8F7F /* Tracks */,
				89CE0A141E2E271E00659DE9 /* AppDelegate.swift */,
				89CE0A1B1E2E271E00659DE9 /* Assets.xcassets */,
				89CE0A201E2E271E00659DE9 /* Info.plist */,
				89CE0A1D1E2E271E00659DE9 /* LaunchScreen.storyboard */,
				89CE0A181E2E271E00659DE9 /* Main.storyboard */,
				893059EE1E376820004CA5AE /* SwiftMusic.entitlements */,
				89CE0A161E2E271E00659DE9 /* ViewController.swift */,
			);
			path = SwiftMusic;
			sourceTree = "<group>";
		};
		89CE0A281E2E271E00659DE9 /* SwiftMusicTests */ = {
			isa = PBXGroup;
			children = (
				89CE0A2B1E2E271E00659DE9 /* Info.plist */,
				89CE0A291E2E271E00659DE9 /* SwiftMusicTests.swift */,
			);
			path = SwiftMusicTests;
			sourceTree = "<group>";
		};
		89CE0A331E2E271E00659DE9 /* SwiftMusicUITests */ = {
			isa = PBXGroup;
			children = (
				89CE0A361E2E271E00659DE9 /* Info.plist */,
				89CE0A341E2E271E00659DE9 /* SwiftMusicUITests.swift */,
			);
			path = SwiftMusicUITests;
			sourceTree = "<group>";
		};
		89CE0A421E2E5F4D00659DE9 /* Cell */ = {
			isa = PBXGroup;
			children = (
				89C672511E2FC61D0064F1ED /* TracksListCell.swift */,
			);
			path = Cell;
			sourceTree = "<group>";
		};
		89DAC1481E33A53700D24A3D /* Libraries */ = {
			isa = PBXGroup;
			children = (
				89DAC1491E33A55700D24A3D /* MarqueeLabel.swift */,
			);
			path = Libraries;
			sourceTree = "<group>";
		};
/* End PBXGroup section */

/* Begin PBXNativeTarget section */
		89CE0A101E2E271E00659DE9 /* SwiftMusic */ = {
			isa = PBXNativeTarget;
			buildConfigurationList = 89CE0A391E2E271E00659DE9 /* Build configuration list for PBXNativeTarget "SwiftMusic" */;
			buildPhases = (
				B3B979E80EC041B86103D8C7 /* [CP] Check Pods Manifest.lock */,
				89CE0A0D1E2E271E00659DE9 /* Sources */,
				89CE0A0E1E2E271E00659DE9 /* Frameworks */,
				89CE0A0F1E2E271E00659DE9 /* Resources */,
				F4A947DC605F82F30E60C85F /* [CP] Embed Pods Frameworks */,
				E46ABDE4D85F0ADB894921D3 /* [CP] Copy Pods Resources */,
				89BF31F01E37A75A00653385 /* Embed Frameworks */,
			);
			buildRules = (
			);
			dependencies = (
			);
			name = SwiftMusic;
			productName = SwiftMusic;
			productReference = 89CE0A111E2E271E00659DE9 /* SwiftMusic.app */;
			productType = "com.apple.product-type.application";
		};
		89CE0A241E2E271E00659DE9 /* SwiftMusicTests */ = {
			isa = PBXNativeTarget;
			buildConfigurationList = 89CE0A3C1E2E271E00659DE9 /* Build configuration list for PBXNativeTarget "SwiftMusicTests" */;
			buildPhases = (
				89CE0A211E2E271E00659DE9 /* Sources */,
				89CE0A221E2E271E00659DE9 /* Frameworks */,
				89CE0A231E2E271E00659DE9 /* Resources */,
			);
			buildRules = (
			);
			dependencies = (
				89CE0A271E2E271E00659DE9 /* PBXTargetDependency */,
			);
			name = SwiftMusicTests;
			productName = SwiftMusicTests;
			productReference = 89CE0A251E2E271E00659DE9 /* SwiftMusicTests.xctest */;
			productType = "com.apple.product-type.bundle.unit-test";
		};
		89CE0A2F1E2E271E00659DE9 /* SwiftMusicUITests */ = {
			isa = PBXNativeTarget;
			buildConfigurationList = 89CE0A3F1E2E271E00659DE9 /* Build configuration list for PBXNativeTarget "SwiftMusicUITests" */;
			buildPhases = (
				89CE0A2C1E2E271E00659DE9 /* Sources */,
				89CE0A2D1E2E271E00659DE9 /* Frameworks */,
				89CE0A2E1E2E271E00659DE9 /* Resources */,
			);
			buildRules = (
			);
			dependencies = (
				89CE0A321E2E271E00659DE9 /* PBXTargetDependency */,
			);
			name = SwiftMusicUITests;
			productName = SwiftMusicUITests;
			productReference = 89CE0A301E2E271E00659DE9 /* SwiftMusicUITests.xctest */;
			productType = "com.apple.product-type.bundle.ui-testing";
		};
/* End PBXNativeTarget section */

/* Begin PBXProject section */
		89CE0A091E2E271E00659DE9 /* Project object */ = {
			isa = PBXProject;
			attributes = {
				LastSwiftUpdateCheck = 0820;
				LastUpgradeCheck = 0820;
				ORGANIZATIONNAME = K2;
				TargetAttributes = {
					89CE0A101E2E271E00659DE9 = {
						CreatedOnToolsVersion = 8.2.1;
						DevelopmentTeam = YN7W446QN3;
						ProvisioningStyle = Automatic;
						SystemCapabilities = {
							com.apple.BackgroundModes = {
								enabled = 1;
							};
							com.apple.Keychain = {
								enabled = 0;
							};
						};
					};
					89CE0A241E2E271E00659DE9 = {
						CreatedOnToolsVersion = 8.2.1;
						DevelopmentTeam = YN7W446QN3;
						ProvisioningStyle = Automatic;
						TestTargetID = 89CE0A101E2E271E00659DE9;
					};
					89CE0A2F1E2E271E00659DE9 = {
						CreatedOnToolsVersion = 8.2.1;
						DevelopmentTeam = YN7W446QN3;
						ProvisioningStyle = Automatic;
						TestTargetID = 89CE0A101E2E271E00659DE9;
					};
				};
			};
			buildConfigurationList = 89CE0A0C1E2E271E00659DE9 /* Build configuration list for PBXProject "SwiftMusic" */;
			compatibilityVersion = "Xcode 3.2";
			developmentRegion = English;
			hasScannedForEncodings = 0;
			knownRegions = (
				en,
				Base,
			);
			mainGroup = 89CE0A081E2E271E00659DE9;
			productRefGroup = 89CE0A121E2E271E00659DE9 /* Products */;
			projectDirPath = "";
			projectRoot = "";
			targets = (
				89CE0A101E2E271E00659DE9 /* SwiftMusic */,
				89CE0A241E2E271E00659DE9 /* SwiftMusicTests */,
				89CE0A2F1E2E271E00659DE9 /* SwiftMusicUITests */,
			);
		};
/* End PBXProject section */

/* Begin PBXResourcesBuildPhase section */
		89CE0A0F1E2E271E00659DE9 /* Resources */ = {
			isa = PBXResourcesBuildPhase;
			buildActionMask = 2147483647;
			files = (
				89CE0A1F1E2E271E00659DE9 /* LaunchScreen.storyboard in Resources */,
				89D568761E3632E200F3C4AD /* Shape Of You.mp3 in Resources */,
				89D5687E1E363E8600F3C4AD /* Ariana Grande - Side To Side ft. Nicki Minaj.mp3 in Resources */,
				89D568801E36425300F3C4AD /* DJ Snake ft. Justin Bieber - Let Me Love You.mp3 in Resources */,
				89CE0A1C1E2E271E00659DE9 /* Assets.xcassets in Resources */,
				89D5687C1E363E0700F3C4AD /* The Chainsmokers - Dont Let Me Down ft. Daya.mp3 in Resources */,
				89D5687A1E363D5700F3C4AD /* Dont Wanna Know.mp3 in Resources */,
				89CE0A1A1E2E271E00659DE9 /* Main.storyboard in Resources */,
			);
			runOnlyForDeploymentPostprocessing = 0;
		};
		89CE0A231E2E271E00659DE9 /* Resources */ = {
			isa = PBXResourcesBuildPhase;
			buildActionMask = 2147483647;
			files = (
			);
			runOnlyForDeploymentPostprocessing = 0;
		};
		89CE0A2E1E2E271E00659DE9 /* Resources */ = {
			isa = PBXResourcesBuildPhase;
			buildActionMask = 2147483647;
			files = (
			);
			runOnlyForDeploymentPostprocessing = 0;
		};
/* End PBXResourcesBuildPhase section */

/* Begin PBXShellScriptBuildPhase section */
		B3B979E80EC041B86103D8C7 /* [CP] Check Pods Manifest.lock */ = {
			isa = PBXShellScriptBuildPhase;
			buildActionMask = 2147483647;
			files = (
			);
			inputPaths = (
			);
			name = "[CP] Check Pods Manifest.lock";
			outputPaths = (
			);
			runOnlyForDeploymentPostprocessing = 0;
			shellPath = /bin/sh;
			shellScript = "diff \"${PODS_ROOT}/../Podfile.lock\" \"${PODS_ROOT}/Manifest.lock\" > /dev/null\nif [ $? != 0 ] ; then\n    # print error to STDERR\n    echo \"error: The sandbox is not in sync with the Podfile.lock. Run 'pod install' or update your CocoaPods installation.\" >&2\n    exit 1\nfi\n";
			showEnvVarsInLog = 0;
		};
		E46ABDE4D85F0ADB894921D3 /* [CP] Copy Pods Resources */ = {
			isa = PBXShellScriptBuildPhase;
			buildActionMask = 2147483647;
			files = (
			);
			inputPaths = (
			);
			name = "[CP] Copy Pods Resources";
			outputPaths = (
			);
			runOnlyForDeploymentPostprocessing = 0;
			shellPath = /bin/sh;
			shellScript = "\"${SRCROOT}/Pods/Target Support Files/Pods-SwiftMusic/Pods-SwiftMusic-resources.sh\"\n";
			showEnvVarsInLog = 0;
		};
		F4A947DC605F82F30E60C85F /* [CP] Embed Pods Frameworks */ = {
			isa = PBXShellScriptBuildPhase;
			buildActionMask = 2147483647;
			files = (
			);
			inputPaths = (
			);
			name = "[CP] Embed Pods Frameworks";
			outputPaths = (
			);
			runOnlyForDeploymentPostprocessing = 0;
			shellPath = /bin/sh;
			shellScript = "\"${SRCROOT}/Pods/Target Support Files/Pods-SwiftMusic/Pods-SwiftMusic-frameworks.sh\"\n";
			showEnvVarsInLog = 0;
		};
/* End PBXShellScriptBuildPhase section */

/* Begin PBXSourcesBuildPhase section */
		89CE0A0D1E2E271E00659DE9 /* Sources */ = {
			isa = PBXSourcesBuildPhase;
			buildActionMask = 2147483647;
			files = (
				89D568741E35C03A00F3C4AD /* TimeFormat.swift in Sources */,
				89DAC14A1E33A55700D24A3D /* MarqueeLabel.swift in Sources */,
				89A689CA1E3109070043B9F6 /* TrackTool.swift in Sources */,
				89CE0A171E2E271E00659DE9 /* ViewController.swift in Sources */,
				89C672521E2FC61D0064F1ED /* TracksListCell.swift in Sources */,
				89CE0A151E2E271E00659DE9 /* AppDelegate.swift in Sources */,
				89A689BC1E306EC70043B9F6 /* TrackModel.swift in Sources */,
				89A689BA1E306CF30043B9F6 /* Track.swift in Sources */,
				89A689BF1E307D8B0043B9F6 /* TrackListController.swift in Sources */,
				89DAC14C1E33AD7600D24A3D /* PopUpController.swift in Sources */,
				89A689CE1E3118FA0043B9F6 /* TrackMessage.swift in Sources */,
			);
			runOnlyForDeploymentPostprocessing = 0;
		};
		89CE0A211E2E271E00659DE9 /* Sources */ = {
			isa = PBXSourcesBuildPhase;
			buildActionMask = 2147483647;
			files = (
				89CE0A2A1E2E271E00659DE9 /* SwiftMusicTests.swift in Sources */,
			);
			runOnlyForDeploymentPostprocessing = 0;
		};
		89CE0A2C1E2E271E00659DE9 /* Sources */ = {
			isa = PBXSourcesBuildPhase;
			buildActionMask = 2147483647;
			files = (
				89CE0A351E2E271E00659DE9 /* SwiftMusicUITests.swift in Sources */,
			);
			runOnlyForDeploymentPostprocessing = 0;
		};
/* End PBXSourcesBuildPhase section */

/* Begin PBXTargetDependency section */
		89CE0A271E2E271E00659DE9 /* PBXTargetDependency */ = {
			isa = PBXTargetDependency;
			target = 89CE0A101E2E271E00659DE9 /* SwiftMusic */;
			targetProxy = 89CE0A261E2E271E00659DE9 /* PBXContainerItemProxy */;
		};
		89CE0A321E2E271E00659DE9 /* PBXTargetDependency */ = {
			isa = PBXTargetDependency;
			target = 89CE0A101E2E271E00659DE9 /* SwiftMusic */;
			targetProxy = 89CE0A311E2E271E00659DE9 /* PBXContainerItemProxy */;
		};
/* End PBXTargetDependency section */

/* Begin PBXVariantGroup section */
		89CE0A181E2E271E00659DE9 /* Main.storyboard */ = {
			isa = PBXVariantGroup;
			children = (
				89CE0A191E2E271E00659DE9 /* Base */,
			);
			name = Main.storyboard;
			path = .;
			sourceTree = "<group>";
		};
		89CE0A1D1E2E271E00659DE9 /* LaunchScreen.storyboard */ = {
			isa = PBXVariantGroup;
			children = (
				89CE0A1E1E2E271E00659DE9 /* Base */,
			);
			name = LaunchScreen.storyboard;
			path = .;
			sourceTree = "<group>";
		};
/* End PBXVariantGroup section */

/* Begin XCBuildConfiguration section */
		89CE0A371E2E271E00659DE9 /* Debug */ = {
			isa = XCBuildConfiguration;
			buildSettings = {
				ALWAYS_SEARCH_USER_PATHS = NO;
				CLANG_ANALYZER_NONNULL = YES;
				CLANG_CXX_LANGUAGE_STANDARD = "gnu++0x";
				CLANG_CXX_LIBRARY = "libc++";
				CLANG_ENABLE_MODULES = YES;
				CLANG_ENABLE_OBJC_ARC = YES;
				CLANG_WARN_BOOL_CONVERSION = YES;
				CLANG_WARN_CONSTANT_CONVERSION = YES;
				CLANG_WARN_DIRECT_OBJC_ISA_USAGE = YES_ERROR;
				CLANG_WARN_DOCUMENTATION_COMMENTS = YES;
				CLANG_WARN_EMPTY_BODY = YES;
				CLANG_WARN_ENUM_CONVERSION = YES;
				CLANG_WARN_INFINITE_RECURSION = YES;
				CLANG_WARN_INT_CONVERSION = YES;
				CLANG_WARN_OBJC_ROOT_CLASS = YES_ERROR;
				CLANG_WARN_SUSPICIOUS_MOVE = YES;
				CLANG_WARN_UNREACHABLE_CODE = YES;
				CLANG_WARN__DUPLICATE_METHOD_MATCH = YES;
				"CODE_SIGN_IDENTITY[sdk=iphoneos*]" = "iPhone Developer";
				COPY_PHASE_STRIP = NO;
				DEBUG_INFORMATION_FORMAT = dwarf;
				ENABLE_STRICT_OBJC_MSGSEND = YES;
				ENABLE_TESTABILITY = YES;
				GCC_C_LANGUAGE_STANDARD = gnu99;
				GCC_DYNAMIC_NO_PIC = NO;
				GCC_NO_COMMON_BLOCKS = YES;
				GCC_OPTIMIZATION_LEVEL = 0;
				GCC_PREPROCESSOR_DEFINITIONS = (
					"DEBUG=1",
					"$(inherited)",
				);
				GCC_WARN_64_TO_32_BIT_CONVERSION = YES;
				GCC_WARN_ABOUT_RETURN_TYPE = YES_ERROR;
				GCC_WARN_UNDECLARED_SELECTOR = YES;
				GCC_WARN_UNINITIALIZED_AUTOS = YES_AGGRESSIVE;
				GCC_WARN_UNUSED_FUNCTION = YES;
				GCC_WARN_UNUSED_VARIABLE = YES;
				IPHONEOS_DEPLOYMENT_TARGET = 10.2;
				MTL_ENABLE_DEBUG_INFO = YES;
				ONLY_ACTIVE_ARCH = YES;
				SDKROOT = iphoneos;
				SWIFT_ACTIVE_COMPILATION_CONDITIONS = DEBUG;
				SWIFT_OPTIMIZATION_LEVEL = "-Onone";
				TARGETED_DEVICE_FAMILY = "1,2";
			};
			name = Debug;
		};
		89CE0A381E2E271E00659DE9 /* Release */ = {
			isa = XCBuildConfiguration;
			buildSettings = {
				ALWAYS_SEARCH_USER_PATHS = NO;
				CLANG_ANALYZER_NONNULL = YES;
				CLANG_CXX_LANGUAGE_STANDARD = "gnu++0x";
				CLANG_CXX_LIBRARY = "libc++";
				CLANG_ENABLE_MODULES = YES;
				CLANG_ENABLE_OBJC_ARC = YES;
				CLANG_WARN_BOOL_CONVERSION = YES;
				CLANG_WARN_CONSTANT_CONVERSION = YES;
				CLANG_WARN_DIRECT_OBJC_ISA_USAGE = YES_ERROR;
				CLANG_WARN_DOCUMENTATION_COMMENTS = YES;
				CLANG_WARN_EMPTY_BODY = YES;
				CLANG_WARN_ENUM_CONVERSION = YES;
				CLANG_WARN_INFINITE_RECURSION = YES;
				CLANG_WARN_INT_CONVERSION = YES;
				CLANG_WARN_OBJC_ROOT_CLASS = YES_ERROR;
				CLANG_WARN_SUSPICIOUS_MOVE = YES;
				CLANG_WARN_UNREACHABLE_CODE = YES;
				CLANG_WARN__DUPLICATE_METHOD_MATCH = YES;
				"CODE_SIGN_IDENTITY[sdk=iphoneos*]" = "iPhone Developer";
				COPY_PHASE_STRIP = NO;
				DEBUG_INFORMATION_FORMAT = "dwarf-with-dsym";
				ENABLE_NS_ASSERTIONS = NO;
				ENABLE_STRICT_OBJC_MSGSEND = YES;
				GCC_C_LANGUAGE_STANDARD = gnu99;
				GCC_NO_COMMON_BLOCKS = YES;
				GCC_WARN_64_TO_32_BIT_CONVERSION = YES;
				GCC_WARN_ABOUT_RETURN_TYPE = YES_ERROR;
				GCC_WARN_UNDECLARED_SELECTOR = YES;
				GCC_WARN_UNINITIALIZED_AUTOS = YES_AGGRESSIVE;
				GCC_WARN_UNUSED_FUNCTION = YES;
				GCC_WARN_UNUSED_VARIABLE = YES;
				IPHONEOS_DEPLOYMENT_TARGET = 10.2;
				MTL_ENABLE_DEBUG_INFO = NO;
				SDKROOT = iphoneos;
				SWIFT_OPTIMIZATION_LEVEL = "-Owholemodule";
				TARGETED_DEVICE_FAMILY = "1,2";
				VALIDATE_PRODUCT = YES;
			};
			name = Release;
		};
		89CE0A3A1E2E271E00659DE9 /* Debug */ = {
			isa = XCBuildConfiguration;
			baseConfigurationReference = 8B2CDA0B02B4521331E4109A /* Pods-SwiftMusic.debug.xcconfig */;
			buildSettings = {
				ASSETCATALOG_COMPILER_APPICON_NAME = AppIcon;
				DEVELOPMENT_TEAM = YN7W446QN3;
				ENABLE_BITCODE = YES;
				INFOPLIST_FILE = SwiftMusic/Info.plist;
				LD_RUNPATH_SEARCH_PATHS = "$(inherited) @executable_path/Frameworks";
				PRODUCT_BUNDLE_IDENTIFIER = com.K2.SwiftMusic;
				PRODUCT_NAME = "$(TARGET_NAME)";
				SWIFT_VERSION = 3.0;
				TARGETED_DEVICE_FAMILY = "1,2";
			};
			name = Debug;
		};
		89CE0A3B1E2E271E00659DE9 /* Release */ = {
			isa = XCBuildConfiguration;
			baseConfigurationReference = 09736CC14B59BFD683687A74 /* Pods-SwiftMusic.release.xcconfig */;
			buildSettings = {
				ASSETCATALOG_COMPILER_APPICON_NAME = AppIcon;
				DEVELOPMENT_TEAM = YN7W446QN3;
				ENABLE_BITCODE = YES;
				INFOPLIST_FILE = SwiftMusic/Info.plist;
				LD_RUNPATH_SEARCH_PATHS = "$(inherited) @executable_path/Frameworks";
				PRODUCT_BUNDLE_IDENTIFIER = com.K2.SwiftMusic;
				PRODUCT_NAME = "$(TARGET_NAME)";
				SWIFT_VERSION = 3.0;
				TARGETED_DEVICE_FAMILY = "1,2";
			};
			name = Release;
		};
		89CE0A3D1E2E271E00659DE9 /* Debug */ = {
			isa = XCBuildConfiguration;
			buildSettings = {
				ALWAYS_EMBED_SWIFT_STANDARD_LIBRARIES = YES;
				BUNDLE_LOADER = "$(TEST_HOST)";
				DEVELOPMENT_TEAM = YN7W446QN3;
				INFOPLIST_FILE = SwiftMusicTests/Info.plist;
				LD_RUNPATH_SEARCH_PATHS = "$(inherited) @executable_path/Frameworks @loader_path/Frameworks";
				PRODUCT_BUNDLE_IDENTIFIER = com.K2.SwiftMusicTests;
				PRODUCT_NAME = "$(TARGET_NAME)";
				SWIFT_VERSION = 3.0;
				TEST_HOST = "$(BUILT_PRODUCTS_DIR)/SwiftMusic.app/SwiftMusic";
			};
			name = Debug;
		};
		89CE0A3E1E2E271E00659DE9 /* Release */ = {
			isa = XCBuildConfiguration;
			buildSettings = {
				ALWAYS_EMBED_SWIFT_STANDARD_LIBRARIES = YES;
				BUNDLE_LOADER = "$(TEST_HOST)";
				DEVELOPMENT_TEAM = YN7W446QN3;
				INFOPLIST_FILE = SwiftMusicTests/Info.plist;
				LD_RUNPATH_SEARCH_PATHS = "$(inherited) @executable_path/Frameworks @loader_path/Frameworks";
				PRODUCT_BUNDLE_IDENTIFIER = com.K2.SwiftMusicTests;
				PRODUCT_NAME = "$(TARGET_NAME)";
				SWIFT_VERSION = 3.0;
				TEST_HOST = "$(BUILT_PRODUCTS_DIR)/SwiftMusic.app/SwiftMusic";
			};
			name = Release;
		};
		89CE0A401E2E271E00659DE9 /* Debug */ = {
			isa = XCBuildConfiguration;
			buildSettings = {
				ALWAYS_EMBED_SWIFT_STANDARD_LIBRARIES = YES;
				DEVELOPMENT_TEAM = YN7W446QN3;
				INFOPLIST_FILE = SwiftMusicUITests/Info.plist;
				LD_RUNPATH_SEARCH_PATHS = "$(inherited) @executable_path/Frameworks @loader_path/Frameworks";
				PRODUCT_BUNDLE_IDENTIFIER = com.K2.SwiftMusicUITests;
				PRODUCT_NAME = "$(TARGET_NAME)";
				SWIFT_VERSION = 3.0;
				TEST_TARGET_NAME = SwiftMusic;
			};
			name = Debug;
		};
		89CE0A411E2E271E00659DE9 /* Release */ = {
			isa = XCBuildConfiguration;
			buildSettings = {
				ALWAYS_EMBED_SWIFT_STANDARD_LIBRARIES = YES;
				DEVELOPMENT_TEAM = YN7W446QN3;
				INFOPLIST_FILE = SwiftMusicUITests/Info.plist;
				LD_RUNPATH_SEARCH_PATHS = "$(inherited) @executable_path/Frameworks @loader_path/Frameworks";
				PRODUCT_BUNDLE_IDENTIFIER = com.K2.SwiftMusicUITests;
				PRODUCT_NAME = "$(TARGET_NAME)";
				SWIFT_VERSION = 3.0;
				TEST_TARGET_NAME = SwiftMusic;
			};
			name = Release;
		};
/* End XCBuildConfiguration section */

/* Begin XCConfigurationList section */
		89CE0A0C1E2E271E00659DE9 /* Build configuration list for PBXProject "SwiftMusic" */ = {
			isa = XCConfigurationList;
			buildConfigurations = (
				89CE0A371E2E271E00659DE9 /* Debug */,
				89CE0A381E2E271E00659DE9 /* Release */,
			);
			defaultConfigurationIsVisible = 0;
			defaultConfigurationName = Release;
		};
		89CE0A391E2E271E00659DE9 /* Build configuration list for PBXNativeTarget "SwiftMusic" */ = {
			isa = XCConfigurationList;
			buildConfigurations = (
				89CE0A3A1E2E271E00659DE9 /* Debug */,
				89CE0A3B1E2E271E00659DE9 /* Release */,
			);
			defaultConfigurationIsVisible = 0;
			defaultConfigurationName = Release;
		};
		89CE0A3C1E2E271E00659DE9 /* Build configuration list for PBXNativeTarget "SwiftMusicTests" */ = {
			isa = XCConfigurationList;
			buildConfigurations = (
				89CE0A3D1E2E271E00659DE9 /* Debug */,
				89CE0A3E1E2E271E00659DE9 /* Release */,
			);
			defaultConfigurationIsVisible = 0;
			defaultConfigurationName = Release;
		};
		89CE0A3F1E2E271E00659DE9 /* Build configuration list for PBXNativeTarget "SwiftMusicUITests" */ = {
			isa = XCConfigurationList;
			buildConfigurations = (
				89CE0A401E2E271E00659DE9 /* Debug */,
				89CE0A411E2E271E00659DE9 /* Release */,
			);
			defaultConfigurationIsVisible = 0;
			defaultConfigurationName = Release;
		};
/* End XCConfigurationList section */
	};
	rootObject = 89CE0A091E2E271E00659DE9 /* Project object */;
}
